
Microsoft Visual Studio Solution File, Format Version 12.00
# Visual Studio Version 17
VisualStudioVersion = 17.5.33516.290
MinimumVisualStudioVersion = 10.0.40219.1
Project("{2150E333-8FDC-42A3-9474-1A3956D46DE8}") = "Solution Items", "Solution Items", "{93D6C23F-160C-4838-910F-FD0C34D30F58}"
	ProjectSection(SolutionItems) = preProject
		main.tf = main.tf
		variables.tf = variables.tf
	EndProjectSection
EndProject
Global
	GlobalSection(SolutionProperties) = preSolution
		HideSolutionNode = FALSE
	EndGlobalSection
	GlobalSection(ExtensibilityGlobals) = postSolution
		SolutionGuid = {066E23DF-A686-4523-8844-8F679375121A}
	EndGlobalSection
EndGlobal
